
Microsoft Visual Studio Solution File, Format Version 12.00
# Visual Studio Version 17
VisualStudioVersion = 17.9.34622.214
MinimumVisualStudioVersion = 10.0.40219.1
Project("{FAE04EC0-301F-11D3-BF4B-00C04F79EFBC}") = "O-que-comeu-a-Ritinha", "O-que-comeu-a-Ritinha\O-que-comeu-a-Ritinha.csproj", "{ADF0D1BC-0A74-45DB-AAFB-ABF66109F27C}"
EndProject
Global
	GlobalSection(SolutionConfigurationPlatforms) = preSolution
		Debug|Any CPU = Debug|Any CPU
		Release|Any CPU = Release|Any CPU
	EndGlobalSection
	GlobalSection(ProjectConfigurationPlatforms) = postSolution
		{ADF0D1BC-0A74-45DB-AAFB-ABF66109F27C}.Debug|Any CPU.ActiveCfg = Debug|Any CPU
		{ADF0D1BC-0A74-45DB-AAFB-ABF66109F27C}.Debug|Any CPU.Build.0 = Debug|Any CPU
		{ADF0D1BC-0A74-45DB-AAFB-ABF66109F27C}.Release|Any CPU.ActiveCfg = Release|Any CPU
		{ADF0D1BC-0A74-45DB-AAFB-ABF66109F27C}.Release|Any CPU.Build.0 = Release|Any CPU
	EndGlobalSection
	GlobalSection(SolutionProperties) = preSolution
		HideSolutionNode = FALSE
	EndGlobalSection
	GlobalSection(ExtensibilityGlobals) = postSolution
		SolutionGuid = {D41D9A05-09C2-4B82-9EA5-A658E178598F}
	EndGlobalSection
EndGlobal
